{
  "name": "app-layer",
  "version": "1.0.0",
  "lockfileVersion": 1,
  "requires": true,
  "dependencies": {
    "cute-animals": {
      "version": "0.2.3",
      "resolved": "https://registry.npmjs.org/cute-animals/-/cute-animals-0.2.3.tgz",
      "integrity": "sha512-OS0iopdeG3nIfZXHse4ntpgkpJMHZKtxhdiuh1QKhTaufWhNnSQPgDK5uF9TBkWfdaS0t5g02Ql7YFDmBWu2jw=="
    }
  }
}
